{
  "name": "@qingli/lunar",
  "version": "0.1.0",
  "lockfileVersion": 3,
  "requires": true,
  "packages": {
    "": {
      "name": "@qingli/lunar",
      "version": "0.1.0",
      "license": "MIT",
      "dependencies": {
        "lunar-typescript": "^1.8.6"
      }
    },
    "node_modules/lunar-typescript": {
      "version": "1.8.6",
      "resolved": "https://registry.npmjs.org/lunar-typescript/-/lunar-typescript-1.8.6.tgz",
      "integrity": "sha512-5Eo4T/cnuXfrgO4k5LCpOGHIUOuz5hCF/IfNv0T29WY2shR36Hiz+ecN9WjnUuxUKhql9gbOkPaQoqLFKtPRNA==",
      "license": "MIT"
    }
  }
}
